// !$*UTF8*$!
{
	archiveVersion = 1;
	classes = {
	};
	objectVersion = 50;
	objects = {

/* Begin PBXBuildFile section */
		57C7A9FC238EB23600A6F4C5 /* AppDelegate.swift in Sources */ = {isa = PBXBuildFile; fileRef = 57C7A9FB238EB23600A6F4C5 /* AppDelegate.swift */; };
		57C7A9FE238EB23600A6F4C5 /* SceneDelegate.swift in Sources */ = {isa = PBXBuildFile; fileRef = 57C7A9FD238EB23600A6F4C5 /* SceneDelegate.swift */; };
		57C7AA00238EB23600A6F4C5 /* ContentView.swift in Sources */ = {isa = PBXBuildFile; fileRef = 57C7A9FF238EB23600A6F4C5 /* ContentView.swift */; };
		57C7AA02238EB23800A6F4C5 /* Assets.xcassets in Resources */ = {isa = PBXBuildFile; fileRef = 57C7AA01238EB23800A6F4C5 /* Assets.xcassets */; };
		57C7AA05238EB23800A6F4C5 /* Preview Assets.xcassets in Resources */ = {isa = PBXBuildFile; fileRef = 57C7AA04238EB23800A6F4C5 /* Preview Assets.xcassets */; };
		57C7AA08238EB23800A6F4C5 /* LaunchScreen.storyboard in Resources */ = {isa = PBXBuildFile; fileRef = 57C7AA06238EB23800A6F4C5 /* LaunchScreen.storyboard */; };
		57C7AA14238EDE5100A6F4C5 /* PolygonParameters.swift in Sources */ = {isa = PBXBuildFile; fileRef = 57C7AA13238EDE5100A6F4C5 /* PolygonParameters.swift */; };
/* End PBXBuildFile section */

/* Begin PBXFileReference section */
		57C7A9F8238EB23600A6F4C5 /* HelloPoly.app */ = {isa = PBXFileReference; explicitFileType = wrapper.application; includeInIndex = 0; path = HelloPoly.app; sourceTree = BUILT_PRODUCTS_DIR; };
		57C7A9FB238EB23600A6F4C5 /* AppDelegate.swift */ = {isa = PBXFileReference; lastKnownFileType = sourcecode.swift; path = AppDelegate.swift; sourceTree = "<group>"; };
		57C7A9FD238EB23600A6F4C5 /* SceneDelegate.swift */ = {isa = PBXFileReference; lastKnownFileType = sourcecode.swift; path = SceneDelegate.swift; sourceTree = "<group>"; };
		57C7A9FF238EB23600A6F4C5 /* ContentView.swift */ = {isa = PBXFileReference; lastKnownFileType = sourcecode.swift; path = ContentView.swift; sourceTree = "<group>"; };
		57C7AA01238EB23800A6F4C5 /* Assets.xcassets */ = {isa = PBXFileReference; lastKnownFileType = folder.assetcatalog; path = Assets.xcassets; sourceTree = "<group>"; };
		57C7AA04238EB23800A6F4C5 /* Preview Assets.xcassets */ = {isa = PBXFileReference; lastKnownFileType = folder.assetcatalog; path = "Preview Assets.xcassets"; sourceTree = "<group>"; };
		57C7AA07238EB23800A6F4C5 /* Base */ = {isa = PBXFileReference; lastKnownFileType = file.storyboard; name = Base; path = Base.lproj/LaunchScreen.storyboard; sourceTree = "<group>"; };
		57C7AA09238EB23800A6F4C5 /* Info.plist */ = {isa = PBXFileReference; lastKnownFileType = text.plist.xml; path = Info.plist; sourceTree = "<group>"; };
		57C7AA13238EDE5100A6F4C5 /* PolygonParameters.swift */ = {isa = PBXFileReference; lastKnownFileType = sourcecode.swift; path = PolygonParameters.swift; sourceTree = "<group>"; };
/* End PBXFileReference section */

/* Begin PBXFrameworksBuildPhase section */
		57C7A9F5238EB23600A6F4C5 /* Frameworks */ = {
			isa = PBXFrameworksBuildPhase;
			buildActionMask = 2147483647;
			files = (
			);
			runOnlyForDeploymentPostprocessing = 0;
		};
/* End PBXFrameworksBuildPhase section */

/* Begin PBXGroup section */
		57C7A9EF238EB23600A6F4C5 = {
			isa = PBXGroup;
			children = (
				57C7A9FA238EB23600A6F4C5 /* HelloPoly */,
				57C7A9F9238EB23600A6F4C5 /* Products */,
			);
			sourceTree = "<group>";
		};
		57C7A9F9238EB23600A6F4C5 /* Products */ = {
			isa = PBXGroup;
			children = (
				57C7A9F8238EB23600A6F4C5 /* HelloPoly.app */,
			);
			name = Products;
			sourceTree = "<group>";
		};
		57C7A9FA238EB23600A6F4C5 /* HelloPoly */ = {
			isa = PBXGroup;
			children = (
				57C7A9FB238EB23600A6F4C5 /* AppDelegate.swift */,
				57C7A9FD238EB23600A6F4C5 /* SceneDelegate.swift */,
				57C7A9FF238EB23600A6F4C5 /* ContentView.swift */,
				57C7AA13238EDE5100A6F4C5 /* PolygonParameters.swift */,
				57C7AA01238EB23800A6F4C5 /* Assets.xcassets */,
				57C7AA06238EB23800A6F4C5 /* LaunchScreen.storyboard */,
				57C7AA09238EB23800A6F4C5 /* Info.plist */,
				57C7AA03238EB23800A6F4C5 /* Preview Content */,
			);
			path = HelloPoly;
			sourceTree = "<group>";
		};
		57C7AA03238EB23800A6F4C5 /* Preview Content */ = {
			isa = PBXGroup;
			children = (
				57C7AA04238EB23800A6F4C5 /* Preview Assets.xcassets */,
			);
			path = "Preview Content";
			sourceTree = "<group>";
		};
/* End PBXGroup section */

/* Begin PBXNativeTarget section */
		57C7A9F7238EB23600A6F4C5 /* HelloPoly */ = {
			isa = PBXNativeTarget;
			buildConfigurationList = 57C7AA0C238EB23800A6F4C5 /* Build configuration list for PBXNativeTarget "HelloPoly" */;
			buildPhases = (
				57C7A9F4238EB23600A6F4C5 /* Sources */,
				57C7A9F5238EB23600A6F4C5 /* Frameworks */,
				57C7A9F6238EB23600A6F4C5 /* Resources */,
			);
			buildRules = (
			);
			dependencies = (
			);
			name = HelloPoly;
			productName = HelloPoly;
			productReference = 57C7A9F8238EB23600A6F4C5 /* HelloPoly.app */;
			productType = "com.apple.product-type.application";
		};
/* End PBXNativeTarget section */

/* Begin PBXProject section */
		57C7A9F0238EB23600A6F4C5 /* Project object */ = {
			isa = PBXProject;
			attributes = {
				LastSwiftUpdateCheck = 1120;
				LastUpgradeCheck = 1120;
				ORGANIZATIONNAME = purzelbaum.hu;
				TargetAttributes = {
					57C7A9F7238EB23600A6F4C5 = {
						CreatedOnToolsVersion = 11.2.1;
					};
				};
			};
			buildConfigurationList = 57C7A9F3238EB23600A6F4C5 /* Build configuration list for PBXProject "HelloPoly" */;
			compatibilityVersion = "Xcode 9.3";
			developmentRegion = en;
			hasScannedForEncodings = 0;
			knownRegions = (
				en,
				Base,
			);
			mainGroup = 57C7A9EF238EB23600A6F4C5;
			productRefGroup = 57C7A9F9238EB23600A6F4C5 /* Products */;
			projectDirPath = "";
			projectRoot = "";
			targets = (
				57C7A9F7238EB23600A6F4C5 /* HelloPoly */,
			);
		};
/* End PBXProject section */

/* Begin PBXResourcesBuildPhase section */
		57C7A9F6238EB23600A6F4C5 /* Resources */ = {
			isa = PBXResourcesBuildPhase;
			buildActionMask = 2147483647;
			files = (
				57C7AA08238EB23800A6F4C5 /* LaunchScreen.storyboard in Resources */,
				57C7AA05238EB23800A6F4C5 /* Preview Assets.xcassets in Resources */,
				57C7AA02238EB23800A6F4C5 /* Assets.xcassets in Resources */,
			);
			runOnlyForDeploymentPostprocessing = 0;
		};
/* End PBXResourcesBuildPhase section */

/* Begin PBXSourcesBuildPhase section */
		57C7A9F4238EB23600A6F4C5 /* Sources */ = {
			isa = PBXSourcesBuildPhase;
			buildActionMask = 2147483647;
			files = (
				57C7A9FC238EB23600A6F4C5 /* AppDelegate.swift in Sources */,
				57C7AA14238EDE5100A6F4C5 /* PolygonParameters.swift in Sources */,
				57C7A9FE238EB23600A6F4C5 /* SceneDelegate.swift in Sources */,
				57C7AA00238EB23600A6F4C5 /* ContentView.swift in Sources */,
			);
			runOnlyForDeploymentPostprocessing = 0;
		};
/* End PBXSourcesBuildPhase section */

/* Begin PBXVariantGroup section */
		57C7AA06238EB23800A6F4C5 /* LaunchScreen.storyboard */ = {
			isa = PBXVariantGroup;
			children = (
				57C7AA07238EB23800A6F4C5 /* Base */,
			);
			name = LaunchScreen.storyboard;
			sourceTree = "<group>";
		};
/* End PBXVariantGroup section */

/* Begin XCBuildConfiguration section */
		57C7AA0A238EB23800A6F4C5 /* Debug */ = {
			isa = XCBuildConfiguration;
			buildSettings = {
				ALWAYS_SEARCH_USER_PATHS = NO;
				CLANG_ANALYZER_NONNULL = YES;
				CLANG_ANALYZER_NUMBER_OBJECT_CONVERSION = YES_AGGRESSIVE;
				CLANG_CXX_LANGUAGE_STANDARD = "gnu++14";
				CLANG_CXX_LIBRARY = "libc++";
				CLANG_ENABLE_MODULES = YES;
				CLANG_ENABLE_OBJC_ARC = YES;
				CLANG_ENABLE_OBJC_WEAK = YES;
				CLANG_WARN_BLOCK_CAPTURE_AUTORELEASING = YES;
				CLANG_WARN_BOOL_CONVERSION = YES;
				CLANG_WARN_COMMA = YES;
				CLANG_WARN_CONSTANT_CONVERSION = YES;
				CLANG_WARN_DEPRECATED_OBJC_IMPLEMENTATIONS = YES;
				CLANG_WARN_DIRECT_OBJC_ISA_USAGE = YES_ERROR;
				CLANG_WARN_DOCUMENTATION_COMMENTS = YES;
				CLANG_WARN_EMPTY_BODY = YES;
				CLANG_WARN_ENUM_CONVERSION = YES;
				CLANG_WARN_INFINITE_RECURSION = YES;
				CLANG_WARN_INT_CONVERSION = YES;
				CLANG_WARN_NON_LITERAL_NULL_CONVERSION = YES;
				CLANG_WARN_OBJC_IMPLICIT_RETAIN_SELF = YES;
				CLANG_WARN_OBJC_LITERAL_CONVERSION = YES;
				CLANG_WARN_OBJC_ROOT_CLASS = YES_ERROR;
				CLANG_WARN_RANGE_LOOP_ANALYSIS = YES;
				CLANG_WARN_STRICT_PROTOTYPES = YES;
				CLANG_WARN_SUSPICIOUS_MOVE = YES;
				CLANG_WARN_UNGUARDED_AVAILABILITY = YES_AGGRESSIVE;
				CLANG_WARN_UNREACHABLE_CODE = YES;
				CLANG_WARN__DUPLICATE_METHOD_MATCH = YES;
				COPY_PHASE_STRIP = NO;
				DEBUG_INFORMATION_FORMAT = dwarf;
				ENABLE_STRICT_OBJC_MSGSEND = YES;
				ENABLE_TESTABILITY = YES;
				GCC_C_LANGUAGE_STANDARD = gnu11;
				GCC_DYNAMIC_NO_PIC = NO;
				GCC_NO_COMMON_BLOCKS = YES;
				GCC_OPTIMIZATION_LEVEL = 0;
				GCC_PREPROCESSOR_DEFINITIONS = (
					"DEBUG=1",
					"$(inherited)",
				);
				GCC_WARN_64_TO_32_BIT_CONVERSION = YES;
				GCC_WARN_ABOUT_RETURN_TYPE = YES_ERROR;
				GCC_WARN_UNDECLARED_SELECTOR = YES;
				GCC_WARN_UNINITIALIZED_AUTOS = YES_AGGRESSIVE;
				GCC_WARN_UNUSED_FUNCTION = YES;
				GCC_WARN_UNUSED_VARIABLE = YES;
				IPHONEOS_DEPLOYMENT_TARGET = 13.2;
				MTL_ENABLE_DEBUG_INFO = INCLUDE_SOURCE;
				MTL_FAST_MATH = YES;
				ONLY_ACTIVE_ARCH = YES;
				SDKROOT = iphoneos;
				SWIFT_ACTIVE_COMPILATION_CONDITIONS = DEBUG;
				SWIFT_OPTIMIZATION_LEVEL = "-Onone";
			};
			name = Debug;
		};
		57C7AA0B238EB23800A6F4C5 /* Release */ = {
			isa = XCBuildConfiguration;
			buildSettings = {
				ALWAYS_SEARCH_USER_PATHS = NO;
				CLANG_ANALYZER_NONNULL = YES;
				CLANG_ANALYZER_NUMBER_OBJECT_CONVERSION = YES_AGGRESSIVE;
				CLANG_CXX_LANGUAGE_STANDARD = "gnu++14";
				CLANG_CXX_LIBRARY = "libc++";
				CLANG_ENABLE_MODULES = YES;
				CLANG_ENABLE_OBJC_ARC = YES;
				CLANG_ENABLE_OBJC_WEAK = YES;
				CLANG_WARN_BLOCK_CAPTURE_AUTORELEASING = YES;
				CLANG_WARN_BOOL_CONVERSION = YES;
				CLANG_WARN_COMMA = YES;
				CLANG_WARN_CONSTANT_CONVERSION = YES;
				CLANG_WARN_DEPRECATED_OBJC_IMPLEMENTATIONS = YES;
				CLANG_WARN_DIRECT_OBJC_ISA_USAGE = YES_ERROR;
				CLANG_WARN_DOCUMENTATION_COMMENTS = YES;
				CLANG_WARN_EMPTY_BODY = YES;
				CLANG_WARN_ENUM_CONVERSION = YES;
				CLANG_WARN_INFINITE_RECURSION = YES;
				CLANG_WARN_INT_CONVERSION = YES;
				CLANG_WARN_NON_LITERAL_NULL_CONVERSION = YES;
				CLANG_WARN_OBJC_IMPLICIT_RETAIN_SELF = YES;
				CLANG_WARN_OBJC_LITERAL_CONVERSION = YES;
				CLANG_WARN_OBJC_ROOT_CLASS = YES_ERROR;
				CLANG_WARN_RANGE_LOOP_ANALYSIS = YES;
				CLANG_WARN_STRICT_PROTOTYPES = YES;
				CLANG_WARN_SUSPICIOUS_MOVE = YES;
				CLANG_WARN_UNGUARDED_AVAILABILITY = YES_AGGRESSIVE;
				CLANG_WARN_UNREACHABLE_CODE = YES;
				CLANG_WARN__DUPLICATE_METHOD_MATCH = YES;
				COPY_PHASE_STRIP = NO;
				DEBUG_INFORMATION_FORMAT = "dwarf-with-dsym";
				ENABLE_NS_ASSERTIONS = NO;
				ENABLE_STRICT_OBJC_MSGSEND = YES;
				GCC_C_LANGUAGE_STANDARD = gnu11;
				GCC_NO_COMMON_BLOCKS = YES;
				GCC_WARN_64_TO_32_BIT_CONVERSION = YES;
				GCC_WARN_ABOUT_RETURN_TYPE = YES_ERROR;
				GCC_WARN_UNDECLARED_SELECTOR = YES;
				GCC_WARN_UNINITIALIZED_AUTOS = YES_AGGRESSIVE;
				GCC_WARN_UNUSED_FUNCTION = YES;
				GCC_WARN_UNUSED_VARIABLE = YES;
				IPHONEOS_DEPLOYMENT_TARGET = 13.2;
				MTL_ENABLE_DEBUG_INFO = NO;
				MTL_FAST_MATH = YES;
				SDKROOT = iphoneos;
				SWIFT_COMPILATION_MODE = wholemodule;
				SWIFT_OPTIMIZATION_LEVEL = "-O";
				VALIDATE_PRODUCT = YES;
			};
			name = Release;
		};
		57C7AA0D238EB23800A6F4C5 /* Debug */ = {
			isa = XCBuildConfiguration;
			buildSettings = {
				ASSETCATALOG_COMPILER_APPICON_NAME = AppIcon;
				CODE_SIGN_STYLE = Automatic;
				DEVELOPMENT_ASSET_PATHS = "\"HelloPoly/Preview Content\"";
				DEVELOPMENT_TEAM = 358WHQF94W;
				ENABLE_PREVIEWS = YES;
				INFOPLIST_FILE = HelloPoly/Info.plist;
				LD_RUNPATH_SEARCH_PATHS = (
					"$(inherited)",
					"@executable_path/Frameworks",
				);
				PRODUCT_BUNDLE_IDENTIFIER = hu.purzelbaum.HelloPoly;
				PRODUCT_NAME = "$(TARGET_NAME)";
				SWIFT_VERSION = 5.0;
				TARGETED_DEVICE_FAMILY = "1,2";
			};
			name = Debug;
		};
		57C7AA0E238EB23800A6F4C5 /* Release */ = {
			isa = XCBuildConfiguration;
			buildSettings = {
				ASSETCATALOG_COMPILER_APPICON_NAME = AppIcon;
				CODE_SIGN_STYLE = Automatic;
				DEVELOPMENT_ASSET_PATHS = "\"HelloPoly/Preview Content\"";
				DEVELOPMENT_TEAM = 358WHQF94W;
				ENABLE_PREVIEWS = YES;
				INFOPLIST_FILE = HelloPoly/Info.plist;
				LD_RUNPATH_SEARCH_PATHS = (
					"$(inherited)",
					"@executable_path/Frameworks",
				);
				PRODUCT_BUNDLE_IDENTIFIER = hu.purzelbaum.HelloPoly;
				PRODUCT_NAME = "$(TARGET_NAME)";
				SWIFT_VERSION = 5.0;
				TARGETED_DEVICE_FAMILY = "1,2";
			};
			name = Release;
		};
/* End XCBuildConfiguration section */

/* Begin XCConfigurationList section */
		57C7A9F3238EB23600A6F4C5 /* Build configuration list for PBXProject "HelloPoly" */ = {
			isa = XCConfigurationList;
			buildConfigurations = (
				57C7AA0A238EB23800A6F4C5 /* Debug */,
				57C7AA0B238EB23800A6F4C5 /* Release */,
			);
			defaultConfigurationIsVisible = 0;
			defaultConfigurationName = Release;
		};
		57C7AA0C238EB23800A6F4C5 /* Build configuration list for PBXNativeTarget "HelloPoly" */ = {
			isa = XCConfigurationList;
			buildConfigurations = (
				57C7AA0D238EB23800A6F4C5 /* Debug */,
				57C7AA0E238EB23800A6F4C5 /* Release */,
			);
			defaultConfigurationIsVisible = 0;
			defaultConfigurationName = Release;
		};
/* End XCConfigurationList section */
	};
	rootObject = 57C7A9F0238EB23600A6F4C5 /* Project object */;
}
